
Microsoft Visual Studio Solution File, Format Version 12.00
# Visual Studio Express 15 for Windows Desktop
VisualStudioVersion = 15.0.28307.1300
MinimumVisualStudioVersion = 10.0.40219.1
Project("{FAE04EC0-301F-11D3-BF4B-00C04F79EFBC}") = "Sweco.SIF.Statistics", "Sweco.SIF.Statistics\Sweco.SIF.Statistics.csproj", "{F93D913A-6431-4879-81E9-86C7A1CA842C}"
EndProject
Global
	GlobalSection(SolutionConfigurationPlatforms) = preSolution
		Debug|Any CPU = Debug|Any CPU
		Debug|x64 = Debug|x64
		Release|Any CPU = Release|Any CPU
		Release|x64 = Release|x64
	EndGlobalSection
	GlobalSection(ProjectConfigurationPlatforms) = postSolution
		{F93D913A-6431-4879-81E9-86C7A1CA842C}.Debug|Any CPU.ActiveCfg = Debug|Any CPU
		{F93D913A-6431-4879-81E9-86C7A1CA842C}.Debug|Any CPU.Build.0 = Debug|Any CPU
		{F93D913A-6431-4879-81E9-86C7A1CA842C}.Debug|x64.ActiveCfg = Debug|x64
		{F93D913A-6431-4879-81E9-86C7A1CA842C}.Debug|x64.Build.0 = Debug|x64
		{F93D913A-6431-4879-81E9-86C7A1CA842C}.Release|Any CPU.ActiveCfg = Release|Any CPU
		{F93D913A-6431-4879-81E9-86C7A1CA842C}.Release|Any CPU.Build.0 = Release|Any CPU
		{F93D913A-6431-4879-81E9-86C7A1CA842C}.Release|x64.ActiveCfg = Release|x64
		{F93D913A-6431-4879-81E9-86C7A1CA842C}.Release|x64.Build.0 = Release|x64
	EndGlobalSection
	GlobalSection(SolutionProperties) = preSolution
		HideSolutionNode = FALSE
	EndGlobalSection
	GlobalSection(ExtensibilityGlobals) = postSolution
		SolutionGuid = {42E33A43-F504-40F4-B027-4DB05164BEE9}
	EndGlobalSection
EndGlobal
