
Microsoft Visual Studio Solution File, Format Version 12.00
# Visual Studio Express 15 for Windows Desktop
VisualStudioVersion = 15.0.28307.1300
MinimumVisualStudioVersion = 10.0.40219.1
Project("{FAE04EC0-301F-11D3-BF4B-00C04F79EFBC}") = "IDFGENconvert", "IDFGENconvert\IDFGENconvert\IDFGENconvert.csproj", "{7ABB4596-F535-4FE8-B3CE-4857DBE9901C}"
EndProject
Project("{FAE04EC0-301F-11D3-BF4B-00C04F79EFBC}") = "IDFGENconvert.Tests", "IDFGENconvert\IDFGENconvert.Tests\IDFGENconvert.Tests.csproj", "{B53FFAA1-5039-42A7-A38C-7C8B806B4AF0}"
EndProject
Global
	GlobalSection(SolutionConfigurationPlatforms) = preSolution
		Debug|x64 = Debug|x64
		Release|x64 = Release|x64
	EndGlobalSection
	GlobalSection(ProjectConfigurationPlatforms) = postSolution
		{7ABB4596-F535-4FE8-B3CE-4857DBE9901C}.Debug|x64.ActiveCfg = Debug|x64
		{7ABB4596-F535-4FE8-B3CE-4857DBE9901C}.Debug|x64.Build.0 = Debug|x64
		{7ABB4596-F535-4FE8-B3CE-4857DBE9901C}.Release|x64.ActiveCfg = Release|x64
		{7ABB4596-F535-4FE8-B3CE-4857DBE9901C}.Release|x64.Build.0 = Release|x64
		{B53FFAA1-5039-42A7-A38C-7C8B806B4AF0}.Debug|x64.ActiveCfg = Debug|x64
		{B53FFAA1-5039-42A7-A38C-7C8B806B4AF0}.Debug|x64.Build.0 = Debug|x64
		{B53FFAA1-5039-42A7-A38C-7C8B806B4AF0}.Release|x64.ActiveCfg = Release|x64
		{B53FFAA1-5039-42A7-A38C-7C8B806B4AF0}.Release|x64.Build.0 = Release|x64
	EndGlobalSection
	GlobalSection(SolutionProperties) = preSolution
		HideSolutionNode = FALSE
	EndGlobalSection
	GlobalSection(ExtensibilityGlobals) = postSolution
		SolutionGuid = {58D0FF4A-6B92-41D9-8853-0C8D57FEB868}
	EndGlobalSection
EndGlobal
