
Microsoft Visual Studio Solution File, Format Version 12.00
# Visual Studio Express 15 for Windows Desktop
VisualStudioVersion = 15.0.28307.1300
MinimumVisualStudioVersion = 10.0.40219.1
Project("{FAE04EC0-301F-11D3-BF4B-00C04F79EFBC}") = "IDFbnd", "IDFbnd\IDFbnd\IDFbnd.csproj", "{C00FAFA8-B80A-4F6F-B7FA-17C775C133B7}"
EndProject
Project("{FAE04EC0-301F-11D3-BF4B-00C04F79EFBC}") = "IDFbnd.Tests", "IDFbnd\IDFbnd.Tests\IDFbnd.Tests.csproj", "{AB4C8A6C-4C1C-45E7-97EA-7D7CE010DBAA}"
EndProject
Global
	GlobalSection(SolutionConfigurationPlatforms) = preSolution
		Debug|x64 = Debug|x64
		Release|x64 = Release|x64
	EndGlobalSection
	GlobalSection(ProjectConfigurationPlatforms) = postSolution
		{C00FAFA8-B80A-4F6F-B7FA-17C775C133B7}.Debug|x64.ActiveCfg = Debug|x64
		{C00FAFA8-B80A-4F6F-B7FA-17C775C133B7}.Debug|x64.Build.0 = Debug|x64
		{C00FAFA8-B80A-4F6F-B7FA-17C775C133B7}.Release|x64.ActiveCfg = Release|x64
		{C00FAFA8-B80A-4F6F-B7FA-17C775C133B7}.Release|x64.Build.0 = Release|x64
		{AB4C8A6C-4C1C-45E7-97EA-7D7CE010DBAA}.Debug|x64.ActiveCfg = Debug|x64
		{AB4C8A6C-4C1C-45E7-97EA-7D7CE010DBAA}.Debug|x64.Build.0 = Debug|x64
		{AB4C8A6C-4C1C-45E7-97EA-7D7CE010DBAA}.Release|x64.ActiveCfg = Release|x64
		{AB4C8A6C-4C1C-45E7-97EA-7D7CE010DBAA}.Release|x64.Build.0 = Release|x64
	EndGlobalSection
	GlobalSection(SolutionProperties) = preSolution
		HideSolutionNode = FALSE
	EndGlobalSection
	GlobalSection(ExtensibilityGlobals) = postSolution
		SolutionGuid = {98227795-046D-483C-9DAF-4A2ABE5B58F7}
	EndGlobalSection
EndGlobal
