
Microsoft Visual Studio Solution File, Format Version 12.00
# Visual Studio Express 15 for Windows Desktop
VisualStudioVersion = 15.0.28307.1525
MinimumVisualStudioVersion = 10.0.40219.1
Project("{FAE04EC0-301F-11D3-BF4B-00C04F79EFBC}") = "IFFSHPconvert", "IFFSHPconvert\IFFSHPconvert\IFFSHPconvert.csproj", "{7EB9C3F9-B783-46F4-BCD3-C758933EE469}"
EndProject
Project("{FAE04EC0-301F-11D3-BF4B-00C04F79EFBC}") = "IFFSHPconvert.Tests", "IFFSHPconvert\IFFSHPconvert.Tests\IFFSHPconvert.Tests.csproj", "{B3D96028-A63D-4E44-9151-9EF8BBE8F128}"
EndProject
Global
	GlobalSection(SolutionConfigurationPlatforms) = preSolution
		Debug|x64 = Debug|x64
		Release|x64 = Release|x64
	EndGlobalSection
	GlobalSection(ProjectConfigurationPlatforms) = postSolution
		{7EB9C3F9-B783-46F4-BCD3-C758933EE469}.Debug|x64.ActiveCfg = Debug|x64
		{7EB9C3F9-B783-46F4-BCD3-C758933EE469}.Debug|x64.Build.0 = Debug|x64
		{7EB9C3F9-B783-46F4-BCD3-C758933EE469}.Release|x64.ActiveCfg = Release|x64
		{7EB9C3F9-B783-46F4-BCD3-C758933EE469}.Release|x64.Build.0 = Release|x64
		{B3D96028-A63D-4E44-9151-9EF8BBE8F128}.Debug|x64.ActiveCfg = Debug|x64
		{B3D96028-A63D-4E44-9151-9EF8BBE8F128}.Debug|x64.Build.0 = Debug|x64
		{B3D96028-A63D-4E44-9151-9EF8BBE8F128}.Release|x64.ActiveCfg = Release|x64
		{B3D96028-A63D-4E44-9151-9EF8BBE8F128}.Release|x64.Build.0 = Release|x64
	EndGlobalSection
	GlobalSection(SolutionProperties) = preSolution
		HideSolutionNode = FALSE
	EndGlobalSection
	GlobalSection(ExtensibilityGlobals) = postSolution
		SolutionGuid = {9031DC18-FA54-46CF-BC1E-0CDD694016C1}
	EndGlobalSection
EndGlobal
